{
  "nodes": {
    "nixpkgs": {
      "locked": {
        "lastModified": 1780216379,
        "narHash": "sha256-0qmLQ+Q4ohniTkTa3hygdfnTMRk7wDmN2kN4L/c/aeg=",
        "owner": "NixOS",
        "repo": "nixpkgs",
        "rev": "531bd2221317224bb296b5c54527d76d045f20d0",
        "type": "github"
      },
      "original": {
        "owner": "NixOS",
        "ref": "nixpkgs-25.11-darwin",
        "repo": "nixpkgs",
        "type": "github"
      }
    },
    "root": {
      "inputs": {
        "nixpkgs": "nixpkgs"
      }
    }
  },
  "root": "root",
  "version": 7
}
